PODS:
  - CHParallaxHeaderView (1.0.0)

DEPENDENCIES:
  - CHParallaxHeaderView (from `../`)

EXTERNAL SOURCES:
  CHParallaxHeaderView:
    :path: ../

SPEC CHECKSUMS:
  CHParallaxHeaderView: 64c23517dc8ed7a1d459a76f1ea307160cc76fe0

PODFILE CHECKSUM: fc8f7143a0005fec509b0d61dd03fcd12bcaa635

COCOAPODS: 1.1.0.rc.2
